// !$*UTF8*$!
{
	archiveVersion = 1;
	classes = {
	};
	objectVersion = 56;
	objects = {

/* Begin PBXBuildFile section */
		F85121DC2B0057D6002D54FD /* Outdoor_Prep_KitApp.swift in Sources */ = {isa = PBXBuildFile; fileRef = F85121DB2B0057D6002D54FD /* Outdoor_Prep_KitApp.swift */; };
		F85121DE2B0057D6002D54FD /* ContentView.swift in Sources */ = {isa = PBXBuildFile; fileRef = F85121DD2B0057D6002D54FD /* ContentView.swift */; };
		F85121E02B0057D6002D54FD /* Assets.xcassets in Resources */ = {isa = PBXBuildFile; fileRef = F85121DF2B0057D6002D54FD /* Assets.xcassets */; };
		F85121E42B0057D6002D54FD /* Preview Assets.xcassets in Resources */ = {isa = PBXBuildFile; fileRef = F85121E32B0057D6002D54FD /* Preview Assets.xcassets */; };
		F85121ED2B00586A002D54FD /* Item.swift in Sources */ = {isa = PBXBuildFile; fileRef = F85121EC2B00586A002D54FD /* Item.swift */; };
		F85121EF2B014503002D54FD /* TripsView.swift in Sources */ = {isa = PBXBuildFile; fileRef = F85121EE2B014503002D54FD /* TripsView.swift */; };
		F85121F12B014517002D54FD /* TripDetail.swift in Sources */ = {isa = PBXBuildFile; fileRef = F85121F02B014517002D54FD /* TripDetail.swift */; };
		F85121F32B014570002D54FD /* TripCard.swift in Sources */ = {isa = PBXBuildFile; fileRef = F85121F22B014570002D54FD /* TripCard.swift */; };
		F85121F52B01458C002D54FD /* Trip.swift in Sources */ = {isa = PBXBuildFile; fileRef = F85121F42B01458C002D54FD /* Trip.swift */; };
		F85121F92B014FBF002D54FD /* TripEdit.swift in Sources */ = {isa = PBXBuildFile; fileRef = F85121F82B014FBF002D54FD /* TripEdit.swift */; };
		F85121FE2B016C94002D54FD /* ItemCard.swift in Sources */ = {isa = PBXBuildFile; fileRef = F85121FD2B016C94002D54FD /* ItemCard.swift */; };
		F85122002B016CAA002D54FD /* ItemDetail.swift in Sources */ = {isa = PBXBuildFile; fileRef = F85121FF2B016CAA002D54FD /* ItemDetail.swift */; };
		F85122022B016CF4002D54FD /* ItemEdit.swift in Sources */ = {isa = PBXBuildFile; fileRef = F85122012B016CF4002D54FD /* ItemEdit.swift */; };
		F8BE91942B0A642900E7BE86 /* ItemListView.swift in Sources */ = {isa = PBXBuildFile; fileRef = F8BE91932B0A642900E7BE86 /* ItemListView.swift */; };
		F8BF7E342B091A9500E9F3E5 /* Trips.swift in Sources */ = {isa = PBXBuildFile; fileRef = F8BF7E332B091A9500E9F3E5 /* Trips.swift */; };
		F8BF7E362B09307E00E9F3E5 /* Items.swift in Sources */ = {isa = PBXBuildFile; fileRef = F8BF7E352B09307E00E9F3E5 /* Items.swift */; };
/* End PBXBuildFile section */

/* Begin PBXFileReference section */
		F85121D82B0057D6002D54FD /* Outdoor Prep Kit.app */ = {isa = PBXFileReference; explicitFileType = wrapper.application; includeInIndex = 0; path = "Outdoor Prep Kit.app"; sourceTree = BUILT_PRODUCTS_DIR; };
		F85121DB2B0057D6002D54FD /* Outdoor_Prep_KitApp.swift */ = {isa = PBXFileReference; lastKnownFileType = sourcecode.swift; path = Outdoor_Prep_KitApp.swift; sourceTree = "<group>"; };
		F85121DD2B0057D6002D54FD /* ContentView.swift */ = {isa = PBXFileReference; lastKnownFileType = sourcecode.swift; path = ContentView.swift; sourceTree = "<group>"; };
		F85121DF2B0057D6002D54FD /* Assets.xcassets */ = {isa = PBXFileReference; lastKnownFileType = folder.assetcatalog; path = Assets.xcassets; sourceTree = "<group>"; };
		F85121E12B0057D6002D54FD /* Outdoor_Prep_Kit.entitlements */ = {isa = PBXFileReference; lastKnownFileType = text.plist.entitlements; path = Outdoor_Prep_Kit.entitlements; sourceTree = "<group>"; };
		F85121E32B0057D6002D54FD /* Preview Assets.xcassets */ = {isa = PBXFileReference; lastKnownFileType = folder.assetcatalog; path = "Preview Assets.xcassets"; sourceTree = "<group>"; };
		F85121EC2B00586A002D54FD /* Item.swift */ = {isa = PBXFileReference; lastKnownFileType = sourcecode.swift; path = Item.swift; sourceTree = "<group>"; };
		F85121EE2B014503002D54FD /* TripsView.swift */ = {isa = PBXFileReference; lastKnownFileType = sourcecode.swift; path = TripsView.swift; sourceTree = "<group>"; };
		F85121F02B014517002D54FD /* TripDetail.swift */ = {isa = PBXFileReference; lastKnownFileType = sourcecode.swift; path = TripDetail.swift; sourceTree = "<group>"; };
		F85121F22B014570002D54FD /* TripCard.swift */ = {isa = PBXFileReference; lastKnownFileType = sourcecode.swift; path = TripCard.swift; sourceTree = "<group>"; };
		F85121F42B01458C002D54FD /* Trip.swift */ = {isa = PBXFileReference; lastKnownFileType = sourcecode.swift; path = Trip.swift; sourceTree = "<group>"; };
		F85121F82B014FBF002D54FD /* TripEdit.swift */ = {isa = PBXFileReference; lastKnownFileType = sourcecode.swift; path = TripEdit.swift; sourceTree = "<group>"; };
		F85121FD2B016C94002D54FD /* ItemCard.swift */ = {isa = PBXFileReference; lastKnownFileType = sourcecode.swift; path = ItemCard.swift; sourceTree = "<group>"; };
		F85121FF2B016CAA002D54FD /* ItemDetail.swift */ = {isa = PBXFileReference; lastKnownFileType = sourcecode.swift; path = ItemDetail.swift; sourceTree = "<group>"; };
		F85122012B016CF4002D54FD /* ItemEdit.swift */ = {isa = PBXFileReference; lastKnownFileType = sourcecode.swift; path = ItemEdit.swift; sourceTree = "<group>"; };
		F8BE91932B0A642900E7BE86 /* ItemListView.swift */ = {isa = PBXFileReference; lastKnownFileType = sourcecode.swift; path = ItemListView.swift; sourceTree = "<group>"; };
		F8BF7E332B091A9500E9F3E5 /* Trips.swift */ = {isa = PBXFileReference; lastKnownFileType = sourcecode.swift; path = Trips.swift; sourceTree = "<group>"; };
		F8BF7E352B09307E00E9F3E5 /* Items.swift */ = {isa = PBXFileReference; lastKnownFileType = sourcecode.swift; path = Items.swift; sourceTree = "<group>"; };
/* End PBXFileReference section */

/* Begin PBXFrameworksBuildPhase section */
		F85121D52B0057D6002D54FD /* Frameworks */ = {
			isa = PBXFrameworksBuildPhase;
			buildActionMask = 2147483647;
			files = (
			);
			runOnlyForDeploymentPostprocessing = 0;
		};
/* End PBXFrameworksBuildPhase section */

/* Begin PBXGroup section */
		F85121CF2B0057D6002D54FD = {
			isa = PBXGroup;
			children = (
				F85121DA2B0057D6002D54FD /* Outdoor Prep Kit */,
				F85121D92B0057D6002D54FD /* Products */,
			);
			sourceTree = "<group>";
		};
		F85121D92B0057D6002D54FD /* Products */ = {
			isa = PBXGroup;
			children = (
				F85121D82B0057D6002D54FD /* Outdoor Prep Kit.app */,
			);
			name = Products;
			sourceTree = "<group>";
		};
		F85121DA2B0057D6002D54FD /* Outdoor Prep Kit */ = {
			isa = PBXGroup;
			children = (
				F85121EA2B0057F7002D54FD /* Models */,
				F85121EB2B005807002D54FD /* Views */,
				F85121DB2B0057D6002D54FD /* Outdoor_Prep_KitApp.swift */,
				F85121DF2B0057D6002D54FD /* Assets.xcassets */,
				F85121E12B0057D6002D54FD /* Outdoor_Prep_Kit.entitlements */,
				F85121E22B0057D6002D54FD /* Preview Content */,
			);
			path = "Outdoor Prep Kit";
			sourceTree = "<group>";
		};
		F85121E22B0057D6002D54FD /* Preview Content */ = {
			isa = PBXGroup;
			children = (
				F85121E32B0057D6002D54FD /* Preview Assets.xcassets */,
			);
			path = "Preview Content";
			sourceTree = "<group>";
		};
		F85121EA2B0057F7002D54FD /* Models */ = {
			isa = PBXGroup;
			children = (
				F85121EC2B00586A002D54FD /* Item.swift */,
				F8BF7E352B09307E00E9F3E5 /* Items.swift */,
				F85121F42B01458C002D54FD /* Trip.swift */,
				F8BF7E332B091A9500E9F3E5 /* Trips.swift */,
			);
			path = Models;
			sourceTree = "<group>";
		};
		F85121EB2B005807002D54FD /* Views */ = {
			isa = PBXGroup;
			children = (
				F85121DD2B0057D6002D54FD /* ContentView.swift */,
				F85121FC2B016C78002D54FD /* TripViews */,
				F85122032B016CFB002D54FD /* ItemViews */,
			);
			path = Views;
			sourceTree = "<group>";
		};
		F85121FC2B016C78002D54FD /* TripViews */ = {
			isa = PBXGroup;
			children = (
				F85121EE2B014503002D54FD /* TripsView.swift */,
				F85121F02B014517002D54FD /* TripDetail.swift */,
				F85121F82B014FBF002D54FD /* TripEdit.swift */,
				F85121F22B014570002D54FD /* TripCard.swift */,
			);
			path = TripViews;
			sourceTree = "<group>";
		};
		F85122032B016CFB002D54FD /* ItemViews */ = {
			isa = PBXGroup;
			children = (
				F8BE91932B0A642900E7BE86 /* ItemListView.swift */,
				F85121FD2B016C94002D54FD /* ItemCard.swift */,
				F85121FF2B016CAA002D54FD /* ItemDetail.swift */,
				F85122012B016CF4002D54FD /* ItemEdit.swift */,
			);
			path = ItemViews;
			sourceTree = "<group>";
		};
/* End PBXGroup section */

/* Begin PBXNativeTarget section */
		F85121D72B0057D6002D54FD /* Outdoor Prep Kit */ = {
			isa = PBXNativeTarget;
			buildConfigurationList = F85121E72B0057D6002D54FD /* Build configuration list for PBXNativeTarget "Outdoor Prep Kit" */;
			buildPhases = (
				F85121D42B0057D6002D54FD /* Sources */,
				F85121D52B0057D6002D54FD /* Frameworks */,
				F85121D62B0057D6002D54FD /* Resources */,
			);
			buildRules = (
			);
			dependencies = (
			);
			name = "Outdoor Prep Kit";
			productName = "Outdoor Prep Kit";
			productReference = F85121D82B0057D6002D54FD /* Outdoor Prep Kit.app */;
			productType = "com.apple.product-type.application";
		};
/* End PBXNativeTarget section */

/* Begin PBXProject section */
		F85121D02B0057D6002D54FD /* Project object */ = {
			isa = PBXProject;
			attributes = {
				BuildIndependentTargetsInParallel = 1;
				LastSwiftUpdateCheck = 1500;
				LastUpgradeCheck = 1500;
				TargetAttributes = {
					F85121D72B0057D6002D54FD = {
						CreatedOnToolsVersion = 15.0;
					};
				};
			};
			buildConfigurationList = F85121D32B0057D6002D54FD /* Build configuration list for PBXProject "Outdoor Prep Kit" */;
			compatibilityVersion = "Xcode 14.0";
			developmentRegion = en;
			hasScannedForEncodings = 0;
			knownRegions = (
				en,
				Base,
			);
			mainGroup = F85121CF2B0057D6002D54FD;
			productRefGroup = F85121D92B0057D6002D54FD /* Products */;
			projectDirPath = "";
			projectRoot = "";
			targets = (
				F85121D72B0057D6002D54FD /* Outdoor Prep Kit */,
			);
		};
/* End PBXProject section */

/* Begin PBXResourcesBuildPhase section */
		F85121D62B0057D6002D54FD /* Resources */ = {
			isa = PBXResourcesBuildPhase;
			buildActionMask = 2147483647;
			files = (
				F85121E42B0057D6002D54FD /* Preview Assets.xcassets in Resources */,
				F85121E02B0057D6002D54FD /* Assets.xcassets in Resources */,
			);
			runOnlyForDeploymentPostprocessing = 0;
		};
/* End PBXResourcesBuildPhase section */

/* Begin PBXSourcesBuildPhase section */
		F85121D42B0057D6002D54FD /* Sources */ = {
			isa = PBXSourcesBuildPhase;
			buildActionMask = 2147483647;
			files = (
				F85121F32B014570002D54FD /* TripCard.swift in Sources */,
				F85122002B016CAA002D54FD /* ItemDetail.swift in Sources */,
				F8BF7E342B091A9500E9F3E5 /* Trips.swift in Sources */,
				F85121DE2B0057D6002D54FD /* ContentView.swift in Sources */,
				F8BF7E362B09307E00E9F3E5 /* Items.swift in Sources */,
				F85121ED2B00586A002D54FD /* Item.swift in Sources */,
				F85121DC2B0057D6002D54FD /* Outdoor_Prep_KitApp.swift in Sources */,
				F85121EF2B014503002D54FD /* TripsView.swift in Sources */,
				F85121F52B01458C002D54FD /* Trip.swift in Sources */,
				F8BE91942B0A642900E7BE86 /* ItemListView.swift in Sources */,
				F85122022B016CF4002D54FD /* ItemEdit.swift in Sources */,
				F85121F92B014FBF002D54FD /* TripEdit.swift in Sources */,
				F85121F12B014517002D54FD /* TripDetail.swift in Sources */,
				F85121FE2B016C94002D54FD /* ItemCard.swift in Sources */,
			);
			runOnlyForDeploymentPostprocessing = 0;
		};
/* End PBXSourcesBuildPhase section */

/* Begin XCBuildConfiguration section */
		F85121E52B0057D6002D54FD /* Debug */ = {
			isa = XCBuildConfiguration;
			buildSettings = {
				ALWAYS_SEARCH_USER_PATHS = NO;
				ASSETCATALOG_COMPILER_GENERATE_SWIFT_ASSET_SYMBOL_EXTENSIONS = YES;
				CLANG_ANALYZER_NONNULL = YES;
				CLANG_ANALYZER_NUMBER_OBJECT_CONVERSION = YES_AGGRESSIVE;
				CLANG_CXX_LANGUAGE_STANDARD = "gnu++20";
				CLANG_ENABLE_MODULES = YES;
				CLANG_ENABLE_OBJC_ARC = YES;
				CLANG_ENABLE_OBJC_WEAK = YES;
				CLANG_WARN_BLOCK_CAPTURE_AUTORELEASING = YES;
				CLANG_WARN_BOOL_CONVERSION = YES;
				CLANG_WARN_COMMA = YES;
				CLANG_WARN_CONSTANT_CONVERSION = YES;
				CLANG_WARN_DEPRECATED_OBJC_IMPLEMENTATIONS = YES;
				CLANG_WARN_DIRECT_OBJC_ISA_USAGE = YES_ERROR;
				CLANG_WARN_DOCUMENTATION_COMMENTS = YES;
				CLANG_WARN_EMPTY_BODY = YES;
				CLANG_WARN_ENUM_CONVERSION = YES;
				CLANG_WARN_INFINITE_RECURSION = YES;
				CLANG_WARN_INT_CONVERSION = YES;
				CLANG_WARN_NON_LITERAL_NULL_CONVERSION = YES;
				CLANG_WARN_OBJC_IMPLICIT_RETAIN_SELF = YES;
				CLANG_WARN_OBJC_LITERAL_CONVERSION = YES;
				CLANG_WARN_OBJC_ROOT_CLASS = YES_ERROR;
				CLANG_WARN_QUOTED_INCLUDE_IN_FRAMEWORK_HEADER = YES;
				CLANG_WARN_RANGE_LOOP_ANALYSIS = YES;
				CLANG_WARN_STRICT_PROTOTYPES = YES;
				CLANG_WARN_SUSPICIOUS_MOVE = YES;
				CLANG_WARN_UNGUARDED_AVAILABILITY = YES_AGGRESSIVE;
				CLANG_WARN_UNREACHABLE_CODE = YES;
				CLANG_WARN__DUPLICATE_METHOD_MATCH = YES;
				COPY_PHASE_STRIP = NO;
				DEBUG_INFORMATION_FORMAT = dwarf;
				ENABLE_STRICT_OBJC_MSGSEND = YES;
				ENABLE_TESTABILITY = YES;
				ENABLE_USER_SCRIPT_SANDBOXING = YES;
				GCC_C_LANGUAGE_STANDARD = gnu17;
				GCC_DYNAMIC_NO_PIC = NO;
				GCC_NO_COMMON_BLOCKS = YES;
				GCC_OPTIMIZATION_LEVEL = 0;
				GCC_PREPROCESSOR_DEFINITIONS = (
					"DEBUG=1",
					"$(inherited)",
				);
				GCC_WARN_64_TO_32_BIT_CONVERSION = YES;
				GCC_WARN_ABOUT_RETURN_TYPE = YES_ERROR;
				GCC_WARN_UNDECLARED_SELECTOR = YES;
				GCC_WARN_UNINITIALIZED_AUTOS = YES_AGGRESSIVE;
				GCC_WARN_UNUSED_FUNCTION = YES;
				GCC_WARN_UNUSED_VARIABLE = YES;
				LOCALIZATION_PREFERS_STRING_CATALOGS = YES;
				MTL_ENABLE_DEBUG_INFO = INCLUDE_SOURCE;
				MTL_FAST_MATH = YES;
				ONLY_ACTIVE_ARCH = YES;
				SWIFT_ACTIVE_COMPILATION_CONDITIONS = "DEBUG $(inherited)";
				SWIFT_OPTIMIZATION_LEVEL = "-Onone";
			};
			name = Debug;
		};
		F85121E62B0057D6002D54FD /* Release */ = {
			isa = XCBuildConfiguration;
			buildSettings = {
				ALWAYS_SEARCH_USER_PATHS = NO;
				ASSETCATALOG_COMPILER_GENERATE_SWIFT_ASSET_SYMBOL_EXTENSIONS = YES;
				CLANG_ANALYZER_NONNULL = YES;
				CLANG_ANALYZER_NUMBER_OBJECT_CONVERSION = YES_AGGRESSIVE;
				CLANG_CXX_LANGUAGE_STANDARD = "gnu++20";
				CLANG_ENABLE_MODULES = YES;
				CLANG_ENABLE_OBJC_ARC = YES;
				CLANG_ENABLE_OBJC_WEAK = YES;
				CLANG_WARN_BLOCK_CAPTURE_AUTORELEASING = YES;
				CLANG_WARN_BOOL_CONVERSION = YES;
				CLANG_WARN_COMMA = YES;
				CLANG_WARN_CONSTANT_CONVERSION = YES;
				CLANG_WARN_DEPRECATED_OBJC_IMPLEMENTATIONS = YES;
				CLANG_WARN_DIRECT_OBJC_ISA_USAGE = YES_ERROR;
				CLANG_WARN_DOCUMENTATION_COMMENTS = YES;
				CLANG_WARN_EMPTY_BODY = YES;
				CLANG_WARN_ENUM_CONVERSION = YES;
				CLANG_WARN_INFINITE_RECURSION = YES;
				CLANG_WARN_INT_CONVERSION = YES;
				CLANG_WARN_NON_LITERAL_NULL_CONVERSION = YES;
				CLANG_WARN_OBJC_IMPLICIT_RETAIN_SELF = YES;
				CLANG_WARN_OBJC_LITERAL_CONVERSION = YES;
				CLANG_WARN_OBJC_ROOT_CLASS = YES_ERROR;
				CLANG_WARN_QUOTED_INCLUDE_IN_FRAMEWORK_HEADER = YES;
				CLANG_WARN_RANGE_LOOP_ANALYSIS = YES;
				CLANG_WARN_STRICT_PROTOTYPES = YES;
				CLANG_WARN_SUSPICIOUS_MOVE = YES;
				CLANG_WARN_UNGUARDED_AVAILABILITY = YES_AGGRESSIVE;
				CLANG_WARN_UNREACHABLE_CODE = YES;
				CLANG_WARN__DUPLICATE_METHOD_MATCH = YES;
				COPY_PHASE_STRIP = NO;
				DEBUG_INFORMATION_FORMAT = "dwarf-with-dsym";
				ENABLE_NS_ASSERTIONS = NO;
				ENABLE_STRICT_OBJC_MSGSEND = YES;
				ENABLE_USER_SCRIPT_SANDBOXING = YES;
				GCC_C_LANGUAGE_STANDARD = gnu17;
				GCC_NO_COMMON_BLOCKS = YES;
				GCC_WARN_64_TO_32_BIT_CONVERSION = YES;
				GCC_WARN_ABOUT_RETURN_TYPE = YES_ERROR;
				GCC_WARN_UNDECLARED_SELECTOR = YES;
				GCC_WARN_UNINITIALIZED_AUTOS = YES_AGGRESSIVE;
				GCC_WARN_UNUSED_FUNCTION = YES;
				GCC_WARN_UNUSED_VARIABLE = YES;
				LOCALIZATION_PREFERS_STRING_CATALOGS = YES;
				MTL_ENABLE_DEBUG_INFO = NO;
				MTL_FAST_MATH = YES;
				SWIFT_COMPILATION_MODE = wholemodule;
			};
			name = Release;
		};
		F85121E82B0057D6002D54FD /* Debug */ = {
			isa = XCBuildConfiguration;
			buildSettings = {
				ASSETCATALOG_COMPILER_APPICON_NAME = AppIcon;
				ASSETCATALOG_COMPILER_GLOBAL_ACCENT_COLOR_NAME = AccentColor;
				CODE_SIGN_ENTITLEMENTS = "Outdoor Prep Kit/Outdoor_Prep_Kit.entitlements";
				CODE_SIGN_STYLE = Automatic;
				CURRENT_PROJECT_VERSION = 1;
				DEVELOPMENT_ASSET_PATHS = "\"Outdoor Prep Kit/Preview Content\"";
				DEVELOPMENT_TEAM = W86B92N72B;
				ENABLE_HARDENED_RUNTIME = YES;
				ENABLE_PREVIEWS = YES;
				GENERATE_INFOPLIST_FILE = YES;
				"INFOPLIST_KEY_UIApplicationSceneManifest_Generation[sdk=iphoneos*]" = YES;
				"INFOPLIST_KEY_UIApplicationSceneManifest_Generation[sdk=iphonesimulator*]" = YES;
				"INFOPLIST_KEY_UIApplicationSupportsIndirectInputEvents[sdk=iphoneos*]" = YES;
				"INFOPLIST_KEY_UIApplicationSupportsIndirectInputEvents[sdk=iphonesimulator*]" = YES;
				"INFOPLIST_KEY_UILaunchScreen_Generation[sdk=iphoneos*]" = YES;
				"INFOPLIST_KEY_UILaunchScreen_Generation[sdk=iphonesimulator*]" = YES;
				"INFOPLIST_KEY_UIStatusBarStyle[sdk=iphoneos*]" = UIStatusBarStyleDefault;
				"INFOPLIST_KEY_UIStatusBarStyle[sdk=iphonesimulator*]" = UIStatusBarStyleDefault;
				INFOPLIST_KEY_UISupportedInterfaceOrientations_iPad = "UIInterfaceOrientationPortrait UIInterfaceOrientationPortraitUpsideDown UIInterfaceOrientationLandscapeLeft UIInterfaceOrientationLandscapeRight";
				INFOPLIST_KEY_UISupportedInterfaceOrientations_iPhone = "UIInterfaceOrientationPortrait UIInterfaceOrientationLandscapeLeft UIInterfaceOrientationLandscapeRight";
				IPHONEOS_DEPLOYMENT_TARGET = 17.0;
				LD_RUNPATH_SEARCH_PATHS = "@executable_path/Frameworks";
				"LD_RUNPATH_SEARCH_PATHS[sdk=macosx*]" = "@executable_path/../Frameworks";
				MACOSX_DEPLOYMENT_TARGET = 14.0;
				MARKETING_VERSION = 1.0;
				PRODUCT_BUNDLE_IDENTIFIER = "John-Hawley.Outdoor-Prep-Kit";
				PRODUCT_NAME = "$(TARGET_NAME)";
				SDKROOT = auto;
				SUPPORTED_PLATFORMS = "iphoneos iphonesimulator macosx";
				SWIFT_EMIT_LOC_STRINGS = YES;
				SWIFT_VERSION = 5.0;
				TARGETED_DEVICE_FAMILY = "1,2";
			};
			name = Debug;
		};
		F85121E92B0057D6002D54FD /* Release */ = {
			isa = XCBuildConfiguration;
			buildSettings = {
				ASSETCATALOG_COMPILER_APPICON_NAME = AppIcon;
				ASSETCATALOG_COMPILER_GLOBAL_ACCENT_COLOR_NAME = AccentColor;
				CODE_SIGN_ENTITLEMENTS = "Outdoor Prep Kit/Outdoor_Prep_Kit.entitlements";
				CODE_SIGN_STYLE = Automatic;
				CURRENT_PROJECT_VERSION = 1;
				DEVELOPMENT_ASSET_PATHS = "\"Outdoor Prep Kit/Preview Content\"";
				DEVELOPMENT_TEAM = W86B92N72B;
				ENABLE_HARDENED_RUNTIME = YES;
				ENABLE_PREVIEWS = YES;
				GENERATE_INFOPLIST_FILE = YES;
				"INFOPLIST_KEY_UIApplicationSceneManifest_Generation[sdk=iphoneos*]" = YES;
				"INFOPLIST_KEY_UIApplicationSceneManifest_Generation[sdk=iphonesimulator*]" = YES;
				"INFOPLIST_KEY_UIApplicationSupportsIndirectInputEvents[sdk=iphoneos*]" = YES;
				"INFOPLIST_KEY_UIApplicationSupportsIndirectInputEvents[sdk=iphonesimulator*]" = YES;
				"INFOPLIST_KEY_UILaunchScreen_Generation[sdk=iphoneos*]" = YES;
				"INFOPLIST_KEY_UILaunchScreen_Generation[sdk=iphonesimulator*]" = YES;
				"INFOPLIST_KEY_UIStatusBarStyle[sdk=iphoneos*]" = UIStatusBarStyleDefault;
				"INFOPLIST_KEY_UIStatusBarStyle[sdk=iphonesimulator*]" = UIStatusBarStyleDefault;
				INFOPLIST_KEY_UISupportedInterfaceOrientations_iPad = "UIInterfaceOrientationPortrait UIInterfaceOrientationPortraitUpsideDown UIInterfaceOrientationLandscapeLeft UIInterfaceOrientationLandscapeRight";
				INFOPLIST_KEY_UISupportedInterfaceOrientations_iPhone = "UIInterfaceOrientationPortrait UIInterfaceOrientationLandscapeLeft UIInterfaceOrientationLandscapeRight";
				IPHONEOS_DEPLOYMENT_TARGET = 17.0;
				LD_RUNPATH_SEARCH_PATHS = "@executable_path/Frameworks";
				"LD_RUNPATH_SEARCH_PATHS[sdk=macosx*]" = "@executable_path/../Frameworks";
				MACOSX_DEPLOYMENT_TARGET = 14.0;
				MARKETING_VERSION = 1.0;
				PRODUCT_BUNDLE_IDENTIFIER = "John-Hawley.Outdoor-Prep-Kit";
				PRODUCT_NAME = "$(TARGET_NAME)";
				SDKROOT = auto;
				SUPPORTED_PLATFORMS = "iphoneos iphonesimulator macosx";
				SWIFT_EMIT_LOC_STRINGS = YES;
				SWIFT_VERSION = 5.0;
				TARGETED_DEVICE_FAMILY = "1,2";
			};
			name = Release;
		};
/* End XCBuildConfiguration section */

/* Begin XCConfigurationList section */
		F85121D32B0057D6002D54FD /* Build configuration list for PBXProject "Outdoor Prep Kit" */ = {
			isa = XCConfigurationList;
			buildConfigurations = (
				F85121E52B0057D6002D54FD /* Debug */,
				F85121E62B0057D6002D54FD /* Release */,
			);
			defaultConfigurationIsVisible = 0;
			defaultConfigurationName = Release;
		};
		F85121E72B0057D6002D54FD /* Build configuration list for PBXNativeTarget "Outdoor Prep Kit" */ = {
			isa = XCConfigurationList;
			buildConfigurations = (
				F85121E82B0057D6002D54FD /* Debug */,
				F85121E92B0057D6002D54FD /* Release */,
			);
			defaultConfigurationIsVisible = 0;
			defaultConfigurationName = Release;
		};
/* End XCConfigurationList section */
	};
	rootObject = F85121D02B0057D6002D54FD /* Project object */;
}
